// !$*UTF8*$!
{
	archiveVersion = 1;
	classes = {
	};
	objectVersion = 56;
	objects = {

/* Begin PBXBuildFile section */
		2A1E4B2A2B1234567890001 /* CopyXApp.swift in Sources */ = {isa = PBXBuildFile; fileRef = 2A1E4B292B1234567890001 /* CopyXApp.swift */; };
		2A1E4B2C2B1234567890002 /* ContentView.swift in Sources */ = {isa = PBXBuildFile; fileRef = 2A1E4B2B2B1234567890002 /* ContentView.swift */; };
		2A1E4B2E2B1234567890003 /* Assets.xcassets in Resources */ = {isa = PBXBuildFile; fileRef = 2A1E4B2D2B1234567890003 /* Assets.xcassets */; };
		2A1E4B312B1234567890004 /* Preview Assets.xcassets in Resources */ = {isa = PBXBuildFile; fileRef = 2A1E4B302B1234567890004 /* Preview Assets.xcassets */; };
		2A1E4B392B1234567890005 /* ClipboardManager.swift in Sources */ = {isa = PBXBuildFile; fileRef = 2A1E4B382B1234567890005 /* ClipboardManager.swift */; };
		2A1E4B3B2B1234567890006 /* ClipboardItem.swift in Sources */ = {isa = PBXBuildFile; fileRef = 2A1E4B3A2B1234567890006 /* ClipboardItem.swift */; };
		2A1E4B3D2B1234567890007 /* HotKeyManager.swift in Sources */ = {isa = PBXBuildFile; fileRef = 2A1E4B3C2B1234567890007 /* HotKeyManager.swift */; };
		2A1E4B3F2B1234567890008 /* ClipboardHistoryView.swift in Sources */ = {isa = PBXBuildFile; fileRef = 2A1E4B3E2B1234567890008 /* ClipboardHistoryView.swift */; };
		2A1E4B412B1234567890009 /* SettingsView.swift in Sources */ = {isa = PBXBuildFile; fileRef = 2A1E4B402B1234567890009 /* SettingsView.swift */; };
/* End PBXBuildFile section */

/* Begin PBXFileReference section */
		2A1E4B262B1234567890000 /* CopyX.app */ = {isa = PBXFileReference; explicitFileType = wrapper.application; includeInIndex = 0; path = CopyX.app; sourceTree = BUILT_PRODUCTS_DIR; };
		2A1E4B292B1234567890001 /* CopyXApp.swift */ = {isa = PBXFileReference; lastKnownFileType = sourcecode.swift; path = CopyXApp.swift; sourceTree = "<group>"; };
		2A1E4B2B2B1234567890002 /* ContentView.swift */ = {isa = PBXFileReference; lastKnownFileType = sourcecode.swift; path = ContentView.swift; sourceTree = "<group>"; };
		2A1E4B2D2B1234567890003 /* Assets.xcassets */ = {isa = PBXFileReference; lastKnownFileType = folder.assetcatalog; path = Assets.xcassets; sourceTree = "<group>"; };
		2A1E4B302B1234567890004 /* Preview Assets.xcassets */ = {isa = PBXFileReference; lastKnownFileType = folder.assetcatalog; path = "Preview Assets.xcassets"; sourceTree = "<group>"; };
		2A1E4B372B1234567890010 /* CopyX.entitlements */ = {isa = PBXFileReference; lastKnownFileType = text.plist.entitlements; path = CopyX.entitlements; sourceTree = "<group>"; };
		2A1E4B382B1234567890005 /* ClipboardManager.swift */ = {isa = PBXFileReference; lastKnownFileType = sourcecode.swift; path = ClipboardManager.swift; sourceTree = "<group>"; };
		2A1E4B3A2B1234567890006 /* ClipboardItem.swift */ = {isa = PBXFileReference; lastKnownFileType = sourcecode.swift; path = ClipboardItem.swift; sourceTree = "<group>"; };
		2A1E4B3C2B1234567890007 /* HotKeyManager.swift */ = {isa = PBXFileReference; lastKnownFileType = sourcecode.swift; path = HotKeyManager.swift; sourceTree = "<group>"; };
		2A1E4B3E2B1234567890008 /* ClipboardHistoryView.swift */ = {isa = PBXFileReference; lastKnownFileType = sourcecode.swift; path = ClipboardHistoryView.swift; sourceTree = "<group>"; };
		2A1E4B402B1234567890009 /* SettingsView.swift */ = {isa = PBXFileReference; lastKnownFileType = sourcecode.swift; path = SettingsView.swift; sourceTree = "<group>"; };
/* End PBXFileReference section */

/* Begin PBXFrameworksBuildPhase section */
		2A1E4B232B1234567890100 /* Frameworks */ = {
			isa = PBXFrameworksBuildPhase;
			buildActionMask = 2147483647;
			files = (
			);
			runOnlyForDeploymentPostprocessing = 0;
		};
/* End PBXFrameworksBuildPhase section */

/* Begin PBXGroup section */
		2A1E4B1D2B1234567890200 = {
			isa = PBXGroup;
			children = (
				2A1E4B282B1234567890300 /* CopyX */,
				2A1E4B272B1234567890301 /* Products */,
			);
			sourceTree = "<group>";
		};
		2A1E4B272B1234567890301 /* Products */ = {
			isa = PBXGroup;
			children = (
				2A1E4B262B1234567890000 /* CopyX.app */,
			);
			name = Products;
			sourceTree = "<group>";
		};
		2A1E4B282B1234567890300 /* CopyX */ = {
			isa = PBXGroup;
			children = (
				2A1E4B292B1234567890001 /* CopyXApp.swift */,
				2A1E4B2B2B1234567890002 /* ContentView.swift */,
				2A1E4B3E2B1234567890008 /* ClipboardHistoryView.swift */,
				2A1E4B402B1234567890009 /* SettingsView.swift */,
				2A1E4B382B1234567890005 /* ClipboardManager.swift */,
				2A1E4B3C2B1234567890007 /* HotKeyManager.swift */,
				2A1E4B3A2B1234567890006 /* ClipboardItem.swift */,
				2A1E4B2D2B1234567890003 /* Assets.xcassets */,
				2A1E4B372B1234567890010 /* CopyX.entitlements */,
				2A1E4B2F2B1234567890400 /* Preview Content */,
			);
			path = CopyX;
			sourceTree = "<group>";
		};
		2A1E4B2F2B1234567890400 /* Preview Content */ = {
			isa = PBXGroup;
			children = (
				2A1E4B302B1234567890004 /* Preview Assets.xcassets */,
			);
			path = "Preview Content";
			sourceTree = "<group>";
		};
/* End PBXGroup section */

/* Begin PBXNativeTarget section */
		2A1E4B252B1234567890500 /* CopyX */ = {
			isa = PBXNativeTarget;
			buildConfigurationList = 2A1E4B352B1234567890600 /* Build configuration list for PBXNativeTarget "CopyX" */;
			buildPhases = (
				2A1E4B222B1234567890700 /* Sources */,
				2A1E4B232B1234567890100 /* Frameworks */,
				2A1E4B242B1234567890800 /* Resources */,
			);
			buildRules = (
			);
			dependencies = (
			);
			name = CopyX;
			productName = CopyX;
			productReference = 2A1E4B262B1234567890000 /* CopyX.app */;
			productType = "com.apple.product-type.application";
		};
/* End PBXNativeTarget section */

/* Begin PBXProject section */
		2A1E4B1E2B1234567890900 /* Project object */ = {
			isa = PBXProject;
			attributes = {
				BuildIndependentTargetsInParallel = 1;
				LastSwiftUpdateCheck = 1500;
				LastUpgradeCheck = 1500;
				TargetAttributes = {
					2A1E4B252B1234567890500 = {
						CreatedOnToolsVersion = 15.0;
						LastSwiftMigration = 1500;
					};
				};
			};
			buildConfigurationList = 2A1E4B212B1234567890950 /* Build configuration list for PBXProject "CopyX" */;
			compatibilityVersion = "Xcode 14.0";
			developmentRegion = en;
			hasScannedForEncodings = 0;
			knownRegions = (
				en,
				Base,
			);
			mainGroup = 2A1E4B1D2B1234567890200;
			productRefGroup = 2A1E4B272B1234567890301 /* Products */;
			projectDirPath = "";
			projectRoot = "";
			targets = (
				2A1E4B252B1234567890500 /* CopyX */,
			);
		};
/* End PBXProject section */

/* Begin PBXResourcesBuildPhase section */
		2A1E4B242B1234567890800 /* Resources */ = {
			isa = PBXResourcesBuildPhase;
			buildActionMask = 2147483647;
			files = (
				2A1E4B312B1234567890004 /* Preview Assets.xcassets in Resources */,
				2A1E4B2E2B1234567890003 /* Assets.xcassets in Resources */,
			);
			runOnlyForDeploymentPostprocessing = 0;
		};
/* End PBXResourcesBuildPhase section */

/* Begin PBXSourcesBuildPhase section */
		2A1E4B222B1234567890700 /* Sources */ = {
			isa = PBXSourcesBuildPhase;
			buildActionMask = 2147483647;
			files = (
				2A1E4B2C2B1234567890002 /* ContentView.swift in Sources */,
				2A1E4B3F2B1234567890008 /* ClipboardHistoryView.swift in Sources */,
				2A1E4B3B2B1234567890006 /* ClipboardItem.swift in Sources */,
				2A1E4B3D2B1234567890007 /* HotKeyManager.swift in Sources */,
				2A1E4B412B1234567890009 /* SettingsView.swift in Sources */,
				2A1E4B392B1234567890005 /* ClipboardManager.swift in Sources */,
				2A1E4B2A2B1234567890001 /* CopyXApp.swift in Sources */,
			);
			runOnlyForDeploymentPostprocessing = 0;
		};
/* End PBXSourcesBuildPhase section */

/* Begin XCBuildConfiguration section */
		2A1E4B332B1234567890951 /* Debug */ = {
			isa = XCBuildConfiguration;
			buildSettings = {
				ALWAYS_SEARCH_USER_PATHS = NO;
				ASSETCATALOG_COMPILER_GENERATE_SWIFT_ASSET_SYMBOL_EXTENSIONS = YES;
				CLANG_ANALYZER_NONNULL = YES;
				CLANG_ANALYZER_NUMBER_OBJECT_CONVERSION = YES_AGGRESSIVE;
				CLANG_CXX_LANGUAGE_STANDARD = "gnu++20";
				CLANG_ENABLE_MODULES = YES;
				CLANG_ENABLE_OBJC_ARC = YES;
				CLANG_ENABLE_OBJC_WEAK = YES;
				CLANG_WARN_BLOCK_CAPTURE_AUTORELEASING = YES;
				CLANG_WARN_BOOL_CONVERSION = YES;
				CLANG_WARN_COMMA = YES;
				CLANG_WARN_CONSTANT_CONVERSION = YES;
				CLANG_WARN_DEPRECATED_OBJC_IMPLEMENTATIONS = YES;
				CLANG_WARN_DIRECT_OBJC_ISA_USAGE = YES_ERROR;
				CLANG_WARN_DOCUMENTATION_COMMENTS = YES;
				CLANG_WARN_EMPTY_BODY = YES;
				CLANG_WARN_ENUM_CONVERSION = YES;
				CLANG_WARN_INFINITE_RECURSION = YES;
				CLANG_WARN_INT_CONVERSION = YES;
				CLANG_WARN_NON_LITERAL_NULL_CONVERSION = YES;
				CLANG_WARN_OBJC_IMPLICIT_RETAIN_SELF = YES;
				CLANG_WARN_OBJC_LITERAL_CONVERSION = YES;
				CLANG_WARN_OBJC_ROOT_CLASS = YES_ERROR;
				CLANG_WARN_QUOTED_INCLUDE_IN_FRAMEWORK_HEADER = YES;
				CLANG_WARN_RANGE_LOOP_ANALYSIS = YES;
				CLANG_WARN_STRICT_PROTOTYPES = YES;
				CLANG_WARN_SUSPICIOUS_MOVE = YES;
				CLANG_WARN_UNGUARDED_AVAILABILITY = YES_AGGRESSIVE;
				CLANG_WARN_UNREACHABLE_CODE = YES;
				CLANG_WARN__DUPLICATE_METHOD_MATCH = YES;
				COPY_PHASE_STRIP = NO;
				DEBUG_INFORMATION_FORMAT = dwarf;
				ENABLE_STRICT_OBJC_MSGSEND = YES;
				ENABLE_TESTABILITY = YES;
				ENABLE_USER_SCRIPT_SANDBOXING = YES;
				GCC_C_LANGUAGE_STANDARD = gnu17;
				GCC_DYNAMIC_NO_PIC = NO;
				GCC_NO_COMMON_BLOCKS = YES;
				GCC_OPTIMIZATION_LEVEL = 0;
				GCC_PREPROCESSOR_DEFINITIONS = (
					"DEBUG=1",
					"$(inherited)",
				);
				GCC_WARN_64_TO_32_BIT_CONVERSION = YES;
				GCC_WARN_ABOUT_RETURN_TYPE = YES_ERROR;
				GCC_WARN_UNDECLARED_SELECTOR = YES;
				GCC_WARN_UNINITIALIZED_AUTOS = YES_AGGRESSIVE;
				GCC_WARN_UNUSED_FUNCTION = YES;
				GCC_WARN_UNUSED_VARIABLE = YES;
				LOCALIZATION_PREFERS_STRING_CATALOGS = YES;
				MACOSX_DEPLOYMENT_TARGET = 14.0;
				MTL_ENABLE_DEBUG_INFO = INCLUDE_SOURCE;
				MTL_FAST_MATH = YES;
				ONLY_ACTIVE_ARCH = YES;
				SDKROOT = macosx;
				SWIFT_ACTIVE_COMPILATION_CONDITIONS = "DEBUG $(inherited)";
				SWIFT_OPTIMIZATION_LEVEL = "-Onone";
			};
			name = Debug;
		};
		2A1E4B342B1234567890952 /* Release */ = {
			isa = XCBuildConfiguration;
			buildSettings = {
				ALWAYS_SEARCH_USER_PATHS = NO;
				ASSETCATALOG_COMPILER_GENERATE_SWIFT_ASSET_SYMBOL_EXTENSIONS = YES;
				CLANG_ANALYZER_NONNULL = YES;
				CLANG_ANALYZER_NUMBER_OBJECT_CONVERSION = YES_AGGRESSIVE;
				CLANG_CXX_LANGUAGE_STANDARD = "gnu++20";
				CLANG_ENABLE_MODULES = YES;
				CLANG_ENABLE_OBJC_ARC = YES;
				CLANG_ENABLE_OBJC_WEAK = YES;
				CLANG_WARN_BLOCK_CAPTURE_AUTORELEASING = YES;
				CLANG_WARN_BOOL_CONVERSION = YES;
				CLANG_WARN_COMMA = YES;
				CLANG_WARN_CONSTANT_CONVERSION = YES;
				CLANG_WARN_DEPRECATED_OBJC_IMPLEMENTATIONS = YES;
				CLANG_WARN_DIRECT_OBJC_ISA_USAGE = YES_ERROR;
				CLANG_WARN_DOCUMENTATION_COMMENTS = YES;
				CLANG_WARN_EMPTY_BODY = YES;
				CLANG_WARN_ENUM_CONVERSION = YES;
				CLANG_WARN_INFINITE_RECURSION = YES;
				CLANG_WARN_INT_CONVERSION = YES;
				CLANG_WARN_NON_LITERAL_NULL_CONVERSION = YES;
				CLANG_WARN_OBJC_IMPLICIT_RETAIN_SELF = YES;
				CLANG_WARN_OBJC_LITERAL_CONVERSION = YES;
				CLANG_WARN_OBJC_ROOT_CLASS = YES_ERROR;
				CLANG_WARN_QUOTED_INCLUDE_IN_FRAMEWORK_HEADER = YES;
				CLANG_WARN_RANGE_LOOP_ANALYSIS = YES;
				CLANG_WARN_STRICT_PROTOTYPES = YES;
				CLANG_WARN_SUSPICIOUS_MOVE = YES;
				CLANG_WARN_UNGUARDED_AVAILABILITY = YES_AGGRESSIVE;
				CLANG_WARN_UNREACHABLE_CODE = YES;
				CLANG_WARN__DUPLICATE_METHOD_MATCH = YES;
				COPY_PHASE_STRIP = NO;
				DEBUG_INFORMATION_FORMAT = "dwarf-with-dsym";
				ENABLE_NS_ASSERTIONS = NO;
				ENABLE_STRICT_OBJC_MSGSEND = YES;
				ENABLE_USER_SCRIPT_SANDBOXING = YES;
				GCC_C_LANGUAGE_STANDARD = gnu17;
				GCC_NO_COMMON_BLOCKS = YES;
				GCC_WARN_64_TO_32_BIT_CONVERSION = YES;
				GCC_WARN_ABOUT_RETURN_TYPE = YES_ERROR;
				GCC_WARN_UNDECLARED_SELECTOR = YES;
				GCC_WARN_UNINITIALIZED_AUTOS = YES_AGGRESSIVE;
				GCC_WARN_UNUSED_FUNCTION = YES;
				GCC_WARN_UNUSED_VARIABLE = YES;
				LOCALIZATION_PREFERS_STRING_CATALOGS = YES;
				MACOSX_DEPLOYMENT_TARGET = 14.0;
				MTL_ENABLE_DEBUG_INFO = NO;
				MTL_FAST_MATH = YES;
				SDKROOT = macosx;
				SWIFT_COMPILATION_MODE = wholemodule;
			};
			name = Release;
		};
		2A1E4B362B1234567890601 /* Debug */ = {
			isa = XCBuildConfiguration;
			buildSettings = {
				ASSETCATALOG_COMPILER_APPICON_NAME = AppIcon;
				ASSETCATALOG_COMPILER_GLOBAL_ACCENT_COLOR_NAME = AccentColor;
				CODE_SIGN_ENTITLEMENTS = CopyX/CopyX.entitlements;
				CODE_SIGN_STYLE = Automatic;
				COMBINE_HIDPI_IMAGES = YES;
				CURRENT_PROJECT_VERSION = 1;
				DEVELOPMENT_ASSET_PATHS = "\"CopyX/Preview Content\"";
				ENABLE_PREVIEWS = YES;
				GENERATE_INFOPLIST_FILE = YES;
				INFOPLIST_KEY_CFBundleDisplayName = "CopyX";
				INFOPLIST_KEY_LSApplicationCategoryType = "public.app-category.productivity";
				INFOPLIST_KEY_NSHumanReadableCopyright = "";
				LD_RUNPATH_SEARCH_PATHS = (
					"$(inherited)",
					"@executable_path/../Frameworks",
				);
				MARKETING_VERSION = 1.2.9;
				PRODUCT_BUNDLE_IDENTIFIER = com.copyx.app;
				PRODUCT_NAME = "$(TARGET_NAME)";
				SWIFT_EMIT_LOC_STRINGS = YES;
				SWIFT_VERSION = 5.0;
			};
			name = Debug;
		};
		2A1E4B372B1234567890602 /* Release */ = {
			isa = XCBuildConfiguration;
			buildSettings = {
				ASSETCATALOG_COMPILER_APPICON_NAME = AppIcon;
				ASSETCATALOG_COMPILER_GLOBAL_ACCENT_COLOR_NAME = AccentColor;
				CODE_SIGN_ENTITLEMENTS = CopyX/CopyX.entitlements;
				CODE_SIGN_STYLE = Automatic;
				COMBINE_HIDPI_IMAGES = YES;
				CURRENT_PROJECT_VERSION = 1;
				DEVELOPMENT_ASSET_PATHS = "\"CopyX/Preview Content\"";
				ENABLE_PREVIEWS = YES;
				GENERATE_INFOPLIST_FILE = YES;
				INFOPLIST_KEY_CFBundleDisplayName = "CopyX";
				INFOPLIST_KEY_LSApplicationCategoryType = "public.app-category.productivity";
				INFOPLIST_KEY_NSHumanReadableCopyright = "";
				LD_RUNPATH_SEARCH_PATHS = (
					"$(inherited)",
					"@executable_path/../Frameworks",
				);
				MARKETING_VERSION = 1.2.9;
				PRODUCT_BUNDLE_IDENTIFIER = com.copyx.app;
				PRODUCT_NAME = "$(TARGET_NAME)";
				SWIFT_EMIT_LOC_STRINGS = YES;
				SWIFT_VERSION = 5.0;
			};
			name = Release;
		};
/* End XCBuildConfiguration section */

/* Begin XCConfigurationList section */
		2A1E4B212B1234567890950 /* Build configuration list for PBXProject "CopyX" */ = {
			isa = XCConfigurationList;
			buildConfigurations = (
				2A1E4B332B1234567890951 /* Debug */,
				2A1E4B342B1234567890952 /* Release */,
			);
			defaultConfigurationIsVisible = 0;
			defaultConfigurationName = Release;
		};
		2A1E4B352B1234567890600 /* Build configuration list for PBXNativeTarget "CopyX" */ = {
			isa = XCConfigurationList;
			buildConfigurations = (
				2A1E4B362B1234567890601 /* Debug */,
				2A1E4B372B1234567890602 /* Release */,
			);
			defaultConfigurationIsVisible = 0;
			defaultConfigurationName = Release;
		};
/* End XCConfigurationList section */
	};
	rootObject = 2A1E4B1E2B1234567890900 /* Project object */;
} 