// !$*UTF8*$!
{
	archiveVersion = 1;
	classes = {
	};
	objectVersion = 56;
	objects = {

/* Begin PBXBuildFile section */
		2A1E4B2E2B1234567890003 /* Assets.xcassets in Resources */ = {isa = PBXBuildFile; fileRef = 2A1E4B2D2B1234567890003 /* Assets.xcassets */; };
		2A1E4B312B1234567890004 /* Preview Assets.xcassets in Resources */ = {isa = PBXBuildFile; fileRef = 2A1E4B302B1234567890004 /* Preview Assets.xcassets */; };
		977B0A142E06F0B400FCB6CD /* ClipboardHistoryView.swift in Sources */ = {isa = PBXBuildFile; fileRef = 977B0A042E06F0B400FCB6CD /* ClipboardHistoryView.swift */; };
		977B0A152E06F0B400FCB6CD /* SettingsView.swift in Sources */ = {isa = PBXBuildFile; fileRef = 977B0A0F2E06F0B400FCB6CD /* SettingsView.swift */; };
		977B0A162E06F0B400FCB6CD /* LocalizationManager.swift in Sources */ = {isa = PBXBuildFile; fileRef = 977B09EF2E06F0B400FCB6CD /* LocalizationManager.swift */; };
		977B0A172E06F0B400FCB6CD /* HotKeyManager.swift in Sources */ = {isa = PBXBuildFile; fileRef = 977B09EE2E06F0B400FCB6CD /* HotKeyManager.swift */; };
		977B0A182E06F0B400FCB6CD /* ShareManager.swift in Sources */ = {isa = PBXBuildFile; fileRef = 977B09F02E06F0B400FCB6CD /* ShareManager.swift */; };
		977B0A192E06F0B400FCB6CD /* GeneralSettingsView.swift in Sources */ = {isa = PBXBuildFile; fileRef = 977B0A0D2E06F0B400FCB6CD /* GeneralSettingsView.swift */; };
		977B0A1A2E06F0B400FCB6CD /* ClipboardManager.swift in Sources */ = {isa = PBXBuildFile; fileRef = 977B09ED2E06F0B400FCB6CD /* ClipboardManager.swift */; };
		977B0A1B2E06F0B400FCB6CD /* UIComponents.swift in Sources */ = {isa = PBXBuildFile; fileRef = 977B0A022E06F0B400FCB6CD /* UIComponents.swift */; };
		977B0A1C2E06F0B400FCB6CD /* CopyXApp.swift in Sources */ = {isa = PBXBuildFile; fileRef = 977B09EB2E06F0B400FCB6CD /* CopyXApp.swift */; };
		977B0A1D2E06F0B400FCB6CD /* AboutView.swift in Sources */ = {isa = PBXBuildFile; fileRef = 977B0A082E06F0B400FCB6CD /* AboutView.swift */; };
		977B0A1E2E06F0B400FCB6CD /* ShareViews.swift in Sources */ = {isa = PBXBuildFile; fileRef = 977B0A112E06F0B400FCB6CD /* ShareViews.swift */; };
		977B0A1F2E06F0B400FCB6CD /* ClipboardSettingsView.swift in Sources */ = {isa = PBXBuildFile; fileRef = 977B0A0A2E06F0B400FCB6CD /* ClipboardSettingsView.swift */; };
		977B0A202E06F0B400FCB6CD /* ContentView.swift in Sources */ = {isa = PBXBuildFile; fileRef = 977B0A062E06F0B400FCB6CD /* ContentView.swift */; };
		977B0A212E06F0B400FCB6CD /* ClipboardItem.swift in Sources */ = {isa = PBXBuildFile; fileRef = 977B09F22E06F0B400FCB6CD /* ClipboardItem.swift */; };
		977B0A222E06F0B400FCB6CD /* DataSettingsView.swift in Sources */ = {isa = PBXBuildFile; fileRef = 977B0A0B2E06F0B400FCB6CD /* DataSettingsView.swift */; };
		977B0A232E06F0B400FCB6CD /* FavoritesSettingsView.swift in Sources */ = {isa = PBXBuildFile; fileRef = 977B0A0C2E06F0B400FCB6CD /* FavoritesSettingsView.swift */; };
		977B0A242E06F0B400FCB6CD /* ClipboardItemView.swift in Sources */ = {isa = PBXBuildFile; fileRef = 977B0A052E06F0B400FCB6CD /* ClipboardItemView.swift */; };
		977B0A252E06F0B400FCB6CD /* SettingsComponents.swift in Sources */ = {isa = PBXBuildFile; fileRef = 977B0A012E06F0B400FCB6CD /* SettingsComponents.swift */; };
		977B0A262E06F0B400FCB6CD /* AdvancedSettingsView.swift in Sources */ = {isa = PBXBuildFile; fileRef = 977B0A092E06F0B400FCB6CD /* AdvancedSettingsView.swift */; };
		977B0A272E06F0B400FCB6CD /* HotKeySettingsView.swift in Sources */ = {isa = PBXBuildFile; fileRef = 977B0A0E2E06F0B400FCB6CD /* HotKeySettingsView.swift */; };
		977B0A282E06F0B400FCB6CD /* TextProcessor.swift in Sources */ = {isa = PBXBuildFile; fileRef = 977B09FF2E06F0B400FCB6CD /* TextProcessor.swift */; };
		977B0A292E06F0B400FCB6CD /* Assets.xcassets in Resources */ = {isa = PBXBuildFile; fileRef = 977B09F62E06F0B400FCB6CD /* Assets.xcassets */; };
		977B0A2A2E06F0B400FCB6CD /* Preview Assets.xcassets in Resources */ = {isa = PBXBuildFile; fileRef = 977B09F42E06F0B400FCB6CD /* Preview Assets.xcassets */; };
		977B0A2B2E06F0B400FCB6CD /* Localizable.strings in Resources */ = {isa = PBXBuildFile; fileRef = 977B09FD2E06F0B400FCB6CD /* Localizable.strings */; };
/* End PBXBuildFile section */

/* Begin PBXFileReference section */
		2A1E4B262B1234567890000 /* CopyX.app */ = {isa = PBXFileReference; explicitFileType = wrapper.application; includeInIndex = 0; path = CopyX.app; sourceTree = BUILT_PRODUCTS_DIR; };
		2A1E4B2D2B1234567890003 /* Assets.xcassets */ = {isa = PBXFileReference; lastKnownFileType = folder.assetcatalog; path = Assets.xcassets; sourceTree = "<group>"; };
		2A1E4B302B1234567890004 /* Preview Assets.xcassets */ = {isa = PBXFileReference; lastKnownFileType = folder.assetcatalog; path = "Preview Assets.xcassets"; sourceTree = "<group>"; };
		2A1E4B372B1234567890010 /* CopyX.entitlements */ = {isa = PBXFileReference; lastKnownFileType = text.plist.entitlements; path = CopyX.entitlements; sourceTree = "<group>"; };
		977B09EB2E06F0B400FCB6CD /* CopyXApp.swift */ = {isa = PBXFileReference; lastKnownFileType = sourcecode.swift; path = CopyXApp.swift; sourceTree = "<group>"; };
		977B09ED2E06F0B400FCB6CD /* ClipboardManager.swift */ = {isa = PBXFileReference; lastKnownFileType = sourcecode.swift; path = ClipboardManager.swift; sourceTree = "<group>"; };
		977B09EE2E06F0B400FCB6CD /* HotKeyManager.swift */ = {isa = PBXFileReference; lastKnownFileType = sourcecode.swift; path = HotKeyManager.swift; sourceTree = "<group>"; };
		977B09EF2E06F0B400FCB6CD /* LocalizationManager.swift */ = {isa = PBXFileReference; lastKnownFileType = sourcecode.swift; path = LocalizationManager.swift; sourceTree = "<group>"; };
		977B09F02E06F0B400FCB6CD /* ShareManager.swift */ = {isa = PBXFileReference; lastKnownFileType = sourcecode.swift; path = ShareManager.swift; sourceTree = "<group>"; };
		977B09F22E06F0B400FCB6CD /* ClipboardItem.swift */ = {isa = PBXFileReference; lastKnownFileType = sourcecode.swift; path = ClipboardItem.swift; sourceTree = "<group>"; };
		977B09F42E06F0B400FCB6CD /* Preview Assets.xcassets */ = {isa = PBXFileReference; lastKnownFileType = folder.assetcatalog; path = "Preview Assets.xcassets"; sourceTree = "<group>"; };
		977B09F62E06F0B400FCB6CD /* Assets.xcassets */ = {isa = PBXFileReference; lastKnownFileType = folder.assetcatalog; path = Assets.xcassets; sourceTree = "<group>"; };
		977B09F72E06F0B400FCB6CD /* en */ = {isa = PBXFileReference; lastKnownFileType = text.plist.strings; name = en; path = en.lproj/Localizable.strings; sourceTree = "<group>"; };
		977B09F82E06F0B400FCB6CD /* de */ = {isa = PBXFileReference; lastKnownFileType = text.plist.strings; name = de; path = de.lproj/Localizable.strings; sourceTree = "<group>"; };
		977B09F92E06F0B400FCB6CD /* es */ = {isa = PBXFileReference; lastKnownFileType = text.plist.strings; name = es; path = es.lproj/Localizable.strings; sourceTree = "<group>"; };
		977B09FA2E06F0B400FCB6CD /* fr */ = {isa = PBXFileReference; lastKnownFileType = text.plist.strings; name = fr; path = fr.lproj/Localizable.strings; sourceTree = "<group>"; };
		977B09FB2E06F0B400FCB6CD /* ja */ = {isa = PBXFileReference; lastKnownFileType = text.plist.strings; name = ja; path = ja.lproj/Localizable.strings; sourceTree = "<group>"; };
		977B09FC2E06F0B400FCB6CD /* zh-Hans */ = {isa = PBXFileReference; lastKnownFileType = text.plist.strings; name = "zh-Hans"; path = "zh-Hans.lproj/Localizable.strings"; sourceTree = "<group>"; };
		977B09FF2E06F0B400FCB6CD /* TextProcessor.swift */ = {isa = PBXFileReference; lastKnownFileType = sourcecode.swift; path = TextProcessor.swift; sourceTree = "<group>"; };
		977B0A012E06F0B400FCB6CD /* SettingsComponents.swift */ = {isa = PBXFileReference; lastKnownFileType = sourcecode.swift; path = SettingsComponents.swift; sourceTree = "<group>"; };
		977B0A022E06F0B400FCB6CD /* UIComponents.swift */ = {isa = PBXFileReference; lastKnownFileType = sourcecode.swift; path = UIComponents.swift; sourceTree = "<group>"; };
		977B0A042E06F0B400FCB6CD /* ClipboardHistoryView.swift */ = {isa = PBXFileReference; lastKnownFileType = sourcecode.swift; path = ClipboardHistoryView.swift; sourceTree = "<group>"; };
		977B0A052E06F0B400FCB6CD /* ClipboardItemView.swift */ = {isa = PBXFileReference; lastKnownFileType = sourcecode.swift; path = ClipboardItemView.swift; sourceTree = "<group>"; };
		977B0A062E06F0B400FCB6CD /* ContentView.swift */ = {isa = PBXFileReference; lastKnownFileType = sourcecode.swift; path = ContentView.swift; sourceTree = "<group>"; };
		977B0A082E06F0B400FCB6CD /* AboutView.swift */ = {isa = PBXFileReference; lastKnownFileType = sourcecode.swift; path = AboutView.swift; sourceTree = "<group>"; };
		977B0A092E06F0B400FCB6CD /* AdvancedSettingsView.swift */ = {isa = PBXFileReference; lastKnownFileType = sourcecode.swift; path = AdvancedSettingsView.swift; sourceTree = "<group>"; };
		977B0A0A2E06F0B400FCB6CD /* ClipboardSettingsView.swift */ = {isa = PBXFileReference; lastKnownFileType = sourcecode.swift; path = ClipboardSettingsView.swift; sourceTree = "<group>"; };
		977B0A0B2E06F0B400FCB6CD /* DataSettingsView.swift */ = {isa = PBXFileReference; lastKnownFileType = sourcecode.swift; path = DataSettingsView.swift; sourceTree = "<group>"; };
		977B0A0C2E06F0B400FCB6CD /* FavoritesSettingsView.swift */ = {isa = PBXFileReference; lastKnownFileType = sourcecode.swift; path = FavoritesSettingsView.swift; sourceTree = "<group>"; };
		977B0A0D2E06F0B400FCB6CD /* GeneralSettingsView.swift */ = {isa = PBXFileReference; lastKnownFileType = sourcecode.swift; path = GeneralSettingsView.swift; sourceTree = "<group>"; };
		977B0A0E2E06F0B400FCB6CD /* HotKeySettingsView.swift */ = {isa = PBXFileReference; lastKnownFileType = sourcecode.swift; path = HotKeySettingsView.swift; sourceTree = "<group>"; };
		977B0A0F2E06F0B400FCB6CD /* SettingsView.swift */ = {isa = PBXFileReference; lastKnownFileType = sourcecode.swift; path = SettingsView.swift; sourceTree = "<group>"; };
		977B0A112E06F0B400FCB6CD /* ShareViews.swift */ = {isa = PBXFileReference; lastKnownFileType = sourcecode.swift; path = ShareViews.swift; sourceTree = "<group>"; };
		977B0A392E07917600FCB6CD /* arm64-apple-macos.swiftsourceinfo */ = {isa = PBXFileReference; lastKnownFileType = file; path = "arm64-apple-macos.swiftsourceinfo"; sourceTree = "<group>"; };
		977B0A3B2E07917600FCB6CD /* arm64-apple-macos.swiftdoc */ = {isa = PBXFileReference; lastKnownFileType = file; path = "arm64-apple-macos.swiftdoc"; sourceTree = "<group>"; };
		977B0A3C2E07917600FCB6CD /* arm64-apple-macos.swiftmodule */ = {isa = PBXFileReference; lastKnownFileType = file; path = "arm64-apple-macos.swiftmodule"; sourceTree = "<group>"; };
		977B0A3D2E07917600FCB6CD /* arm64-apple-macos.abi.json */ = {isa = PBXFileReference; lastKnownFileType = text.json; path = "arm64-apple-macos.abi.json"; sourceTree = "<group>"; };
		977B0A3F2E07917600FCB6CD /* CopyX.app */ = {isa = PBXFileReference; lastKnownFileType = wrapper.application; path = CopyX.app; sourceTree = "<group>"; };
/* End PBXFileReference section */

/* Begin PBXFrameworksBuildPhase section */
		2A1E4B232B1234567890100 /* Frameworks */ = {
			isa = PBXFrameworksBuildPhase;
			buildActionMask = 2147483647;
			files = (
			);
			runOnlyForDeploymentPostprocessing = 0;
		};
/* End PBXFrameworksBuildPhase section */

/* Begin PBXGroup section */
		2A1E4B1D2B1234567890200 = {
			isa = PBXGroup;
			children = (
				2A1E4B282B1234567890300 /* CopyX */,
				977B0A402E07917600FCB6CD /* Products */,
				2A1E4B272B1234567890301 /* Products */,
			);
			sourceTree = "<group>";
		};
		2A1E4B272B1234567890301 /* Products */ = {
			isa = PBXGroup;
			children = (
				2A1E4B262B1234567890000 /* CopyX.app */,
			);
			name = Products;
			sourceTree = "<group>";
		};
		2A1E4B282B1234567890300 /* CopyX */ = {
			isa = PBXGroup;
			children = (
				977B09EC2E06F0B400FCB6CD /* Application */,
				977B09F12E06F0B400FCB6CD /* Managers */,
				977B09F32E06F0B400FCB6CD /* Models */,
				977B09F52E06F0B400FCB6CD /* Preview Content */,
				977B09FE2E06F0B400FCB6CD /* Resources */,
				977B0A002E06F0B400FCB6CD /* Utils */,
				977B0A132E06F0B400FCB6CD /* Views */,
				2A1E4B2D2B1234567890003 /* Assets.xcassets */,
				2A1E4B372B1234567890010 /* CopyX.entitlements */,
				2A1E4B2F2B1234567890400 /* Preview Content */,
			);
			path = CopyX;
			sourceTree = "<group>";
		};
		2A1E4B2F2B1234567890400 /* Preview Content */ = {
			isa = PBXGroup;
			children = (
				2A1E4B302B1234567890004 /* Preview Assets.xcassets */,
			);
			path = "Preview Content";
			sourceTree = "<group>";
		};
		977B09EC2E06F0B400FCB6CD /* Application */ = {
			isa = PBXGroup;
			children = (
				977B09EB2E06F0B400FCB6CD /* CopyXApp.swift */,
			);
			path = Application;
			sourceTree = "<group>";
		};
		977B09F12E06F0B400FCB6CD /* Managers */ = {
			isa = PBXGroup;
			children = (
				977B09ED2E06F0B400FCB6CD /* ClipboardManager.swift */,
				977B09EE2E06F0B400FCB6CD /* HotKeyManager.swift */,
				977B09EF2E06F0B400FCB6CD /* LocalizationManager.swift */,
				977B09F02E06F0B400FCB6CD /* ShareManager.swift */,
			);
			path = Managers;
			sourceTree = "<group>";
		};
		977B09F32E06F0B400FCB6CD /* Models */ = {
			isa = PBXGroup;
			children = (
				977B09F22E06F0B400FCB6CD /* ClipboardItem.swift */,
			);
			path = Models;
			sourceTree = "<group>";
		};
		977B09F52E06F0B400FCB6CD /* Preview Content */ = {
			isa = PBXGroup;
			children = (
				977B09F42E06F0B400FCB6CD /* Preview Assets.xcassets */,
			);
			path = "Preview Content";
			sourceTree = "<group>";
		};
		977B09FE2E06F0B400FCB6CD /* Resources */ = {
			isa = PBXGroup;
			children = (
				977B09F62E06F0B400FCB6CD /* Assets.xcassets */,
				977B09FD2E06F0B400FCB6CD /* Localizable.strings */,
			);
			path = Resources;
			sourceTree = "<group>";
		};
		977B0A002E06F0B400FCB6CD /* Utils */ = {
			isa = PBXGroup;
			children = (
				977B09FF2E06F0B400FCB6CD /* TextProcessor.swift */,
			);
			path = Utils;
			sourceTree = "<group>";
		};
		977B0A032E06F0B400FCB6CD /* Components */ = {
			isa = PBXGroup;
			children = (
				977B0A012E06F0B400FCB6CD /* SettingsComponents.swift */,
				977B0A022E06F0B400FCB6CD /* UIComponents.swift */,
			);
			path = Components;
			sourceTree = "<group>";
		};
		977B0A072E06F0B400FCB6CD /* Main */ = {
			isa = PBXGroup;
			children = (
				977B0A042E06F0B400FCB6CD /* ClipboardHistoryView.swift */,
				977B0A052E06F0B400FCB6CD /* ClipboardItemView.swift */,
				977B0A062E06F0B400FCB6CD /* ContentView.swift */,
			);
			path = Main;
			sourceTree = "<group>";
		};
		977B0A102E06F0B400FCB6CD /* Settings */ = {
			isa = PBXGroup;
			children = (
				977B0A082E06F0B400FCB6CD /* AboutView.swift */,
				977B0A092E06F0B400FCB6CD /* AdvancedSettingsView.swift */,
				977B0A0A2E06F0B400FCB6CD /* ClipboardSettingsView.swift */,
				977B0A0B2E06F0B400FCB6CD /* DataSettingsView.swift */,
				977B0A0C2E06F0B400FCB6CD /* FavoritesSettingsView.swift */,
				977B0A0D2E06F0B400FCB6CD /* GeneralSettingsView.swift */,
				977B0A0E2E06F0B400FCB6CD /* HotKeySettingsView.swift */,
				977B0A0F2E06F0B400FCB6CD /* SettingsView.swift */,
			);
			path = Settings;
			sourceTree = "<group>";
		};
		977B0A122E06F0B400FCB6CD /* Share */ = {
			isa = PBXGroup;
			children = (
				977B0A112E06F0B400FCB6CD /* ShareViews.swift */,
			);
			path = Share;
			sourceTree = "<group>";
		};
		977B0A132E06F0B400FCB6CD /* Views */ = {
			isa = PBXGroup;
			children = (
				977B0A032E06F0B400FCB6CD /* Components */,
				977B0A072E06F0B400FCB6CD /* Main */,
				977B0A102E06F0B400FCB6CD /* Settings */,
				977B0A122E06F0B400FCB6CD /* Share */,
			);
			path = Views;
			sourceTree = "<group>";
		};
		977B0A3A2E07917600FCB6CD /* Project */ = {
			isa = PBXGroup;
			children = (
				977B0A392E07917600FCB6CD /* arm64-apple-macos.swiftsourceinfo */,
			);
			path = Project;
			sourceTree = "<group>";
		};
		977B0A3E2E07917600FCB6CD /* CopyX.swiftmodule */ = {
			isa = PBXGroup;
			children = (
				977B0A3A2E07917600FCB6CD /* Project */,
				977B0A3B2E07917600FCB6CD /* arm64-apple-macos.swiftdoc */,
				977B0A3C2E07917600FCB6CD /* arm64-apple-macos.swiftmodule */,
				977B0A3D2E07917600FCB6CD /* arm64-apple-macos.abi.json */,
			);
			path = CopyX.swiftmodule;
			sourceTree = "<group>";
		};
		977B0A402E07917600FCB6CD /* Products */ = {
			isa = PBXGroup;
			children = (
				977B0A3E2E07917600FCB6CD /* CopyX.swiftmodule */,
				977B0A3F2E07917600FCB6CD /* CopyX.app */,
			);
			path = Products;
			sourceTree = "<group>";
		};
/* End PBXGroup section */

/* Begin PBXNativeTarget section */
		2A1E4B252B1234567890500 /* CopyX */ = {
			isa = PBXNativeTarget;
			buildConfigurationList = 2A1E4B352B1234567890600 /* Build configuration list for PBXNativeTarget "CopyX" */;
			buildPhases = (
				2A1E4B222B1234567890700 /* Sources */,
				2A1E4B232B1234567890100 /* Frameworks */,
				2A1E4B242B1234567890800 /* Resources */,
			);
			buildRules = (
			);
			dependencies = (
			);
			name = CopyX;
			productName = CopyX;
			productReference = 2A1E4B262B1234567890000 /* CopyX.app */;
			productType = "com.apple.product-type.application";
		};
/* End PBXNativeTarget section */

/* Begin PBXProject section */
		2A1E4B1E2B1234567890900 /* Project object */ = {
			isa = PBXProject;
			attributes = {
				BuildIndependentTargetsInParallel = 1;
				LastSwiftUpdateCheck = 1500;
				LastUpgradeCheck = 1500;
				TargetAttributes = {
					2A1E4B252B1234567890500 = {
						CreatedOnToolsVersion = 15.0;
						LastSwiftMigration = 1500;
					};
				};
			};
			buildConfigurationList = 2A1E4B212B1234567890950 /* Build configuration list for PBXProject "CopyX" */;
			compatibilityVersion = "Xcode 14.0";
			developmentRegion = en;
			hasScannedForEncodings = 0;
			knownRegions = (
				en,
				Base,
				"zh-Hans",
				de,
				es,
				fr,
				ja,
			);
			mainGroup = 2A1E4B1D2B1234567890200;
			productRefGroup = 2A1E4B272B1234567890301 /* Products */;
			projectDirPath = "";
			projectRoot = "";
			targets = (
				2A1E4B252B1234567890500 /* CopyX */,
			);
		};
/* End PBXProject section */

/* Begin PBXResourcesBuildPhase section */
		2A1E4B242B1234567890800 /* Resources */ = {
			isa = PBXResourcesBuildPhase;
			buildActionMask = 2147483647;
			files = (
				2A1E4B312B1234567890004 /* Preview Assets.xcassets in Resources */,
				977B0A292E06F0B400FCB6CD /* Assets.xcassets in Resources */,
				977B0A2A2E06F0B400FCB6CD /* Preview Assets.xcassets in Resources */,
				977B0A2B2E06F0B400FCB6CD /* Localizable.strings in Resources */,
				2A1E4B2E2B1234567890003 /* Assets.xcassets in Resources */,
			);
			runOnlyForDeploymentPostprocessing = 0;
		};
/* End PBXResourcesBuildPhase section */

/* Begin PBXSourcesBuildPhase section */
		2A1E4B222B1234567890700 /* Sources */ = {
			isa = PBXSourcesBuildPhase;
			buildActionMask = 2147483647;
			files = (
				977B0A142E06F0B400FCB6CD /* ClipboardHistoryView.swift in Sources */,
				977B0A152E06F0B400FCB6CD /* SettingsView.swift in Sources */,
				977B0A162E06F0B400FCB6CD /* LocalizationManager.swift in Sources */,
				977B0A172E06F0B400FCB6CD /* HotKeyManager.swift in Sources */,
				977B0A182E06F0B400FCB6CD /* ShareManager.swift in Sources */,
				977B0A192E06F0B400FCB6CD /* GeneralSettingsView.swift in Sources */,
				977B0A1A2E06F0B400FCB6CD /* ClipboardManager.swift in Sources */,
				977B0A1B2E06F0B400FCB6CD /* UIComponents.swift in Sources */,
				977B0A1C2E06F0B400FCB6CD /* CopyXApp.swift in Sources */,
				977B0A1D2E06F0B400FCB6CD /* AboutView.swift in Sources */,
				977B0A1E2E06F0B400FCB6CD /* ShareViews.swift in Sources */,
				977B0A1F2E06F0B400FCB6CD /* ClipboardSettingsView.swift in Sources */,
				977B0A202E06F0B400FCB6CD /* ContentView.swift in Sources */,
				977B0A212E06F0B400FCB6CD /* ClipboardItem.swift in Sources */,
				977B0A222E06F0B400FCB6CD /* DataSettingsView.swift in Sources */,
				977B0A232E06F0B400FCB6CD /* FavoritesSettingsView.swift in Sources */,
				977B0A242E06F0B400FCB6CD /* ClipboardItemView.swift in Sources */,
				977B0A252E06F0B400FCB6CD /* SettingsComponents.swift in Sources */,
				977B0A262E06F0B400FCB6CD /* AdvancedSettingsView.swift in Sources */,
				977B0A272E06F0B400FCB6CD /* HotKeySettingsView.swift in Sources */,
				977B0A282E06F0B400FCB6CD /* TextProcessor.swift in Sources */,
			);
			runOnlyForDeploymentPostprocessing = 0;
		};
/* End PBXSourcesBuildPhase section */

/* Begin PBXVariantGroup section */
		977B09FD2E06F0B400FCB6CD /* Localizable.strings */ = {
			isa = PBXVariantGroup;
			children = (
				977B09F72E06F0B400FCB6CD /* en */,
				977B09F82E06F0B400FCB6CD /* de */,
				977B09F92E06F0B400FCB6CD /* es */,
				977B09FA2E06F0B400FCB6CD /* fr */,
				977B09FB2E06F0B400FCB6CD /* ja */,
				977B09FC2E06F0B400FCB6CD /* zh-Hans */,
			);
			name = Localizable.strings;
			sourceTree = "<group>";
		};
/* End PBXVariantGroup section */

/* Begin XCBuildConfiguration section */
		2A1E4B332B1234567890951 /* Debug */ = {
			isa = XCBuildConfiguration;
			buildSettings = {
				ALWAYS_SEARCH_USER_PATHS = NO;
				ASSETCATALOG_COMPILER_GENERATE_SWIFT_ASSET_SYMBOL_EXTENSIONS = YES;
				CLANG_ANALYZER_NONNULL = YES;
				CLANG_ANALYZER_NUMBER_OBJECT_CONVERSION = YES_AGGRESSIVE;
				CLANG_CXX_LANGUAGE_STANDARD = "gnu++20";
				CLANG_ENABLE_MODULES = YES;
				CLANG_ENABLE_OBJC_ARC = YES;
				CLANG_ENABLE_OBJC_WEAK = YES;
				CLANG_WARN_BLOCK_CAPTURE_AUTORELEASING = YES;
				CLANG_WARN_BOOL_CONVERSION = YES;
				CLANG_WARN_COMMA = YES;
				CLANG_WARN_CONSTANT_CONVERSION = YES;
				CLANG_WARN_DEPRECATED_OBJC_IMPLEMENTATIONS = YES;
				CLANG_WARN_DIRECT_OBJC_ISA_USAGE = YES_ERROR;
				CLANG_WARN_DOCUMENTATION_COMMENTS = YES;
				CLANG_WARN_EMPTY_BODY = YES;
				CLANG_WARN_ENUM_CONVERSION = YES;
				CLANG_WARN_INFINITE_RECURSION = YES;
				CLANG_WARN_INT_CONVERSION = YES;
				CLANG_WARN_NON_LITERAL_NULL_CONVERSION = YES;
				CLANG_WARN_OBJC_IMPLICIT_RETAIN_SELF = YES;
				CLANG_WARN_OBJC_LITERAL_CONVERSION = YES;
				CLANG_WARN_OBJC_ROOT_CLASS = YES_ERROR;
				CLANG_WARN_QUOTED_INCLUDE_IN_FRAMEWORK_HEADER = YES;
				CLANG_WARN_RANGE_LOOP_ANALYSIS = YES;
				CLANG_WARN_STRICT_PROTOTYPES = YES;
				CLANG_WARN_SUSPICIOUS_MOVE = YES;
				CLANG_WARN_UNGUARDED_AVAILABILITY = YES_AGGRESSIVE;
				CLANG_WARN_UNREACHABLE_CODE = YES;
				CLANG_WARN__DUPLICATE_METHOD_MATCH = YES;
				COPY_PHASE_STRIP = NO;
				DEBUG_INFORMATION_FORMAT = dwarf;
				ENABLE_STRICT_OBJC_MSGSEND = YES;
				ENABLE_TESTABILITY = YES;
				ENABLE_USER_SCRIPT_SANDBOXING = YES;
				GCC_C_LANGUAGE_STANDARD = gnu17;
				GCC_DYNAMIC_NO_PIC = NO;
				GCC_NO_COMMON_BLOCKS = YES;
				GCC_OPTIMIZATION_LEVEL = 0;
				GCC_PREPROCESSOR_DEFINITIONS = (
					"DEBUG=1",
					"$(inherited)",
				);
				GCC_WARN_64_TO_32_BIT_CONVERSION = YES;
				GCC_WARN_ABOUT_RETURN_TYPE = YES_ERROR;
				GCC_WARN_UNDECLARED_SELECTOR = YES;
				GCC_WARN_UNINITIALIZED_AUTOS = YES_AGGRESSIVE;
				GCC_WARN_UNUSED_FUNCTION = YES;
				GCC_WARN_UNUSED_VARIABLE = YES;
				LOCALIZATION_PREFERS_STRING_CATALOGS = YES;
				MACOSX_DEPLOYMENT_TARGET = 14.0;
				MTL_ENABLE_DEBUG_INFO = INCLUDE_SOURCE;
				MTL_FAST_MATH = YES;
				ONLY_ACTIVE_ARCH = YES;
				SDKROOT = macosx;
				SWIFT_ACTIVE_COMPILATION_CONDITIONS = "DEBUG $(inherited)";
				SWIFT_OPTIMIZATION_LEVEL = "-Onone";
			};
			name = Debug;
		};
		2A1E4B342B1234567890952 /* Release */ = {
			isa = XCBuildConfiguration;
			buildSettings = {
				ALWAYS_SEARCH_USER_PATHS = NO;
				ASSETCATALOG_COMPILER_GENERATE_SWIFT_ASSET_SYMBOL_EXTENSIONS = YES;
				CLANG_ANALYZER_NONNULL = YES;
				CLANG_ANALYZER_NUMBER_OBJECT_CONVERSION = YES_AGGRESSIVE;
				CLANG_CXX_LANGUAGE_STANDARD = "gnu++20";
				CLANG_ENABLE_MODULES = YES;
				CLANG_ENABLE_OBJC_ARC = YES;
				CLANG_ENABLE_OBJC_WEAK = YES;
				CLANG_WARN_BLOCK_CAPTURE_AUTORELEASING = YES;
				CLANG_WARN_BOOL_CONVERSION = YES;
				CLANG_WARN_COMMA = YES;
				CLANG_WARN_CONSTANT_CONVERSION = YES;
				CLANG_WARN_DEPRECATED_OBJC_IMPLEMENTATIONS = YES;
				CLANG_WARN_DIRECT_OBJC_ISA_USAGE = YES_ERROR;
				CLANG_WARN_DOCUMENTATION_COMMENTS = YES;
				CLANG_WARN_EMPTY_BODY = YES;
				CLANG_WARN_ENUM_CONVERSION = YES;
				CLANG_WARN_INFINITE_RECURSION = YES;
				CLANG_WARN_INT_CONVERSION = YES;
				CLANG_WARN_NON_LITERAL_NULL_CONVERSION = YES;
				CLANG_WARN_OBJC_IMPLICIT_RETAIN_SELF = YES;
				CLANG_WARN_OBJC_LITERAL_CONVERSION = YES;
				CLANG_WARN_OBJC_ROOT_CLASS = YES_ERROR;
				CLANG_WARN_QUOTED_INCLUDE_IN_FRAMEWORK_HEADER = YES;
				CLANG_WARN_RANGE_LOOP_ANALYSIS = YES;
				CLANG_WARN_STRICT_PROTOTYPES = YES;
				CLANG_WARN_SUSPICIOUS_MOVE = YES;
				CLANG_WARN_UNGUARDED_AVAILABILITY = YES_AGGRESSIVE;
				CLANG_WARN_UNREACHABLE_CODE = YES;
				CLANG_WARN__DUPLICATE_METHOD_MATCH = YES;
				COPY_PHASE_STRIP = NO;
				DEBUG_INFORMATION_FORMAT = "dwarf-with-dsym";
				ENABLE_NS_ASSERTIONS = NO;
				ENABLE_STRICT_OBJC_MSGSEND = YES;
				ENABLE_USER_SCRIPT_SANDBOXING = YES;
				GCC_C_LANGUAGE_STANDARD = gnu17;
				GCC_NO_COMMON_BLOCKS = YES;
				GCC_WARN_64_TO_32_BIT_CONVERSION = YES;
				GCC_WARN_ABOUT_RETURN_TYPE = YES_ERROR;
				GCC_WARN_UNDECLARED_SELECTOR = YES;
				GCC_WARN_UNINITIALIZED_AUTOS = YES_AGGRESSIVE;
				GCC_WARN_UNUSED_FUNCTION = YES;
				GCC_WARN_UNUSED_VARIABLE = YES;
				LOCALIZATION_PREFERS_STRING_CATALOGS = YES;
				MACOSX_DEPLOYMENT_TARGET = 14.0;
				MTL_ENABLE_DEBUG_INFO = NO;
				MTL_FAST_MATH = YES;
				SDKROOT = macosx;
				SWIFT_COMPILATION_MODE = wholemodule;
			};
			name = Release;
		};
		2A1E4B362B1234567890601 /* Debug */ = {
			isa = XCBuildConfiguration;
			buildSettings = {
				ASSETCATALOG_COMPILER_APPICON_NAME = AppIcon;
				ASSETCATALOG_COMPILER_GLOBAL_ACCENT_COLOR_NAME = AccentColor;
				CODE_SIGN_ALLOW_ENTITLEMENTS_MODIFICATION = YES;
				CODE_SIGN_ENTITLEMENTS = CopyX/CopyX.entitlements;
				CODE_SIGN_IDENTITY = "Apple Development";
				CODE_SIGN_STYLE = Automatic;
				COMBINE_HIDPI_IMAGES = YES;
				CONFIGURATION_BUILD_DIR = "$(PROJECT_DIR)/Products";
				CURRENT_PROJECT_VERSION = 1;
				DEVELOPMENT_ASSET_PATHS = "\"CopyX/Preview Content\"";
				DEVELOPMENT_TEAM = 8YCD48DN83;
				ENABLE_PREVIEWS = YES;
				GENERATE_INFOPLIST_FILE = YES;
				INFOPLIST_KEY_CFBundleDisplayName = CopyX;
				INFOPLIST_KEY_LSApplicationCategoryType = "public.app-category.productivity";
				INFOPLIST_KEY_LSUIElement = YES;
				INFOPLIST_KEY_NSAppleEventsUsageDescription = "CopyX需要发送Apple Events以便与其他应用程序进行分享和交互";
				INFOPLIST_KEY_NSHumanReadableCopyright = "";
				INFOPLIST_KEY_NSSharingServicePickerSharingServicesKey = "com.apple.share.Mail.compose com.apple.share.Messages.compose com.apple.share.Notes.create com.apple.share.Reminders.create com.apple.share.System.add-to-reading-list com.apple.share.AirDrop.send";
				INFOPLIST_KEY_NSSystemAdministrationUsageDescription = "CopyX需要系统管理权限以便访问分享服务和剪切板功能";
				LD_RUNPATH_SEARCH_PATHS = (
					"$(inherited)",
					"@executable_path/../Frameworks",
				);
				MACOSX_DEPLOYMENT_TARGET = 13.5;
				MARKETING_VERSION = 1.2.9;
				PRODUCT_BUNDLE_IDENTIFIER = com.copyx.app;
				PRODUCT_NAME = "$(TARGET_NAME)";
				PROVISIONING_PROFILE_SPECIFIER = "";
				SWIFT_EMIT_LOC_STRINGS = YES;
				SWIFT_VERSION = 5.0;
			};
			name = Debug;
		};
		2A1E4B372B1234567890602 /* Release */ = {
			isa = XCBuildConfiguration;
			buildSettings = {
				ASSETCATALOG_COMPILER_APPICON_NAME = AppIcon;
				ASSETCATALOG_COMPILER_GLOBAL_ACCENT_COLOR_NAME = AccentColor;
				CODE_SIGN_ALLOW_ENTITLEMENTS_MODIFICATION = YES;
				CODE_SIGN_ENTITLEMENTS = CopyX/CopyX.entitlements;
				CODE_SIGN_IDENTITY = "Apple Development";
				CODE_SIGN_STYLE = Automatic;
				COMBINE_HIDPI_IMAGES = YES;
				CONFIGURATION_BUILD_DIR = "$(PROJECT_DIR)/Products";
				CURRENT_PROJECT_VERSION = 1;
				DEVELOPMENT_ASSET_PATHS = "\"CopyX/Preview Content\"";
				DEVELOPMENT_TEAM = 8YCD48DN83;
				ENABLE_PREVIEWS = YES;
				GENERATE_INFOPLIST_FILE = YES;
				INFOPLIST_KEY_CFBundleDisplayName = CopyX;
				INFOPLIST_KEY_LSApplicationCategoryType = "public.app-category.productivity";
				INFOPLIST_KEY_LSUIElement = YES;
				INFOPLIST_KEY_NSAppleEventsUsageDescription = "CopyX需要发送Apple Events以便与其他应用程序进行分享和交互";
				INFOPLIST_KEY_NSHumanReadableCopyright = "";
				INFOPLIST_KEY_NSSharingServicePickerSharingServicesKey = "com.apple.share.Mail.compose com.apple.share.Messages.compose com.apple.share.Notes.create com.apple.share.Reminders.create com.apple.share.System.add-to-reading-list com.apple.share.AirDrop.send";
				INFOPLIST_KEY_NSSystemAdministrationUsageDescription = "CopyX需要系统管理权限以便访问分享服务和剪切板功能";
				LD_RUNPATH_SEARCH_PATHS = (
					"$(inherited)",
					"@executable_path/../Frameworks",
				);
				MACOSX_DEPLOYMENT_TARGET = 13.5;
				MARKETING_VERSION = 1.2.9;
				PRODUCT_BUNDLE_IDENTIFIER = com.copyx.app;
				PRODUCT_NAME = "$(TARGET_NAME)";
				PROVISIONING_PROFILE_SPECIFIER = "";
				SWIFT_EMIT_LOC_STRINGS = YES;
				SWIFT_VERSION = 5.0;
			};
			name = Release;
		};
/* End XCBuildConfiguration section */

/* Begin XCConfigurationList section */
		2A1E4B212B1234567890950 /* Build configuration list for PBXProject "CopyX" */ = {
			isa = XCConfigurationList;
			buildConfigurations = (
				2A1E4B332B1234567890951 /* Debug */,
				2A1E4B342B1234567890952 /* Release */,
			);
			defaultConfigurationIsVisible = 0;
			defaultConfigurationName = Release;
		};
		2A1E4B352B1234567890600 /* Build configuration list for PBXNativeTarget "CopyX" */ = {
			isa = XCConfigurationList;
			buildConfigurations = (
				2A1E4B362B1234567890601 /* Debug */,
				2A1E4B372B1234567890602 /* Release */,
			);
			defaultConfigurationIsVisible = 0;
			defaultConfigurationName = Release;
		};
/* End XCConfigurationList section */
	};
	rootObject = 2A1E4B1E2B1234567890900 /* Project object */;
}
